// !$*UTF8*$!
{
	archiveVersion = 1;
	classes = {
	};
	objectVersion = 50;
	objects = {

/* Begin PBXBuildFile section */
		551314952443487F00F86C2B /* AppDelegate.swift in Sources */ = {isa = PBXBuildFile; fileRef = 551314942443487F00F86C2B /* AppDelegate.swift */; };
		551314972443487F00F86C2B /* SceneDelegate.swift in Sources */ = {isa = PBXBuildFile; fileRef = 551314962443487F00F86C2B /* SceneDelegate.swift */; };
		551314992443487F00F86C2B /* ContentView.swift in Sources */ = {isa = PBXBuildFile; fileRef = 551314982443487F00F86C2B /* ContentView.swift */; };
		5513149B2443489200F86C2B /* Assets.xcassets in Resources */ = {isa = PBXBuildFile; fileRef = 5513149A2443489200F86C2B /* Assets.xcassets */; };
		5513149E2443489200F86C2B /* Preview Assets.xcassets in Resources */ = {isa = PBXBuildFile; fileRef = 5513149D2443489200F86C2B /* Preview Assets.xcassets */; };
		551314A12443489200F86C2B /* LaunchScreen.storyboard in Resources */ = {isa = PBXBuildFile; fileRef = 5513149F2443489200F86C2B /* LaunchScreen.storyboard */; };
		551314AC2443489200F86C2B /* covid_SwiftUITests.swift in Sources */ = {isa = PBXBuildFile; fileRef = 551314AB2443489200F86C2B /* covid_SwiftUITests.swift */; };
/* End PBXBuildFile section */

/* Begin PBXContainerItemProxy section */
		551314A82443489200F86C2B /* PBXContainerItemProxy */ = {
			isa = PBXContainerItemProxy;
			containerPortal = 551314892443487F00F86C2B /* Project object */;
			proxyType = 1;
			remoteGlobalIDString = 551314902443487F00F86C2B;
			remoteInfo = "covid-SwiftUI";
		};
/* End PBXContainerItemProxy section */

/* Begin PBXFileReference section */
		551314912443487F00F86C2B /* covid-SwiftUI.app */ = {isa = PBXFileReference; explicitFileType = wrapper.application; includeInIndex = 0; path = "covid-SwiftUI.app"; sourceTree = BUILT_PRODUCTS_DIR; };
		551314942443487F00F86C2B /* AppDelegate.swift */ = {isa = PBXFileReference; lastKnownFileType = sourcecode.swift; path = AppDelegate.swift; sourceTree = "<group>"; };
		551314962443487F00F86C2B /* SceneDelegate.swift */ = {isa = PBXFileReference; lastKnownFileType = sourcecode.swift; path = SceneDelegate.swift; sourceTree = "<group>"; };
		551314982443487F00F86C2B /* ContentView.swift */ = {isa = PBXFileReference; lastKnownFileType = sourcecode.swift; path = ContentView.swift; sourceTree = "<group>"; };
		5513149A2443489200F86C2B /* Assets.xcassets */ = {isa = PBXFileReference; lastKnownFileType = folder.assetcatalog; path = Assets.xcassets; sourceTree = "<group>"; };
		5513149D2443489200F86C2B /* Preview Assets.xcassets */ = {isa = PBXFileReference; lastKnownFileType = folder.assetcatalog; path = "Preview Assets.xcassets"; sourceTree = "<group>"; };
		551314A02443489200F86C2B /* Base */ = {isa = PBXFileReference; lastKnownFileType = file.storyboard; name = Base; path = Base.lproj/LaunchScreen.storyboard; sourceTree = "<group>"; };
		551314A22443489200F86C2B /* Info.plist */ = {isa = PBXFileReference; lastKnownFileType = text.plist.xml; path = Info.plist; sourceTree = "<group>"; };
		551314A72443489200F86C2B /* covid-SwiftUITests.xctest */ = {isa = PBXFileReference; explicitFileType = wrapper.cfbundle; includeInIndex = 0; path = "covid-SwiftUITests.xctest"; sourceTree = BUILT_PRODUCTS_DIR; };
		551314AB2443489200F86C2B /* covid_SwiftUITests.swift */ = {isa = PBXFileReference; lastKnownFileType = sourcecode.swift; path = covid_SwiftUITests.swift; sourceTree = "<group>"; };
		551314AD2443489200F86C2B /* Info.plist */ = {isa = PBXFileReference; lastKnownFileType = text.plist.xml; path = Info.plist; sourceTree = "<group>"; };
/* End PBXFileReference section */

/* Begin PBXFrameworksBuildPhase section */
		5513148E2443487F00F86C2B /* Frameworks */ = {
			isa = PBXFrameworksBuildPhase;
			buildActionMask = 2147483647;
			files = (
			);
			runOnlyForDeploymentPostprocessing = 0;
		};
		551314A42443489200F86C2B /* Frameworks */ = {
			isa = PBXFrameworksBuildPhase;
			buildActionMask = 2147483647;
			files = (
			);
			runOnlyForDeploymentPostprocessing = 0;
		};
/* End PBXFrameworksBuildPhase section */

/* Begin PBXGroup section */
		551314882443487F00F86C2B = {
			isa = PBXGroup;
			children = (
				551314932443487F00F86C2B /* covid-SwiftUI */,
				551314AA2443489200F86C2B /* covid-SwiftUITests */,
				551314922443487F00F86C2B /* Products */,
			);
			sourceTree = "<group>";
		};
		551314922443487F00F86C2B /* Products */ = {
			isa = PBXGroup;
			children = (
				551314912443487F00F86C2B /* covid-SwiftUI.app */,
				551314A72443489200F86C2B /* covid-SwiftUITests.xctest */,
			);
			name = Products;
			sourceTree = "<group>";
		};
		551314932443487F00F86C2B /* covid-SwiftUI */ = {
			isa = PBXGroup;
			children = (
				551314942443487F00F86C2B /* AppDelegate.swift */,
				551314962443487F00F86C2B /* SceneDelegate.swift */,
				551314982443487F00F86C2B /* ContentView.swift */,
				5513149A2443489200F86C2B /* Assets.xcassets */,
				5513149F2443489200F86C2B /* LaunchScreen.storyboard */,
				551314A22443489200F86C2B /* Info.plist */,
				5513149C2443489200F86C2B /* Preview Content */,
			);
			path = "covid-SwiftUI";
			sourceTree = "<group>";
		};
		5513149C2443489200F86C2B /* Preview Content */ = {
			isa = PBXGroup;
			children = (
				5513149D2443489200F86C2B /* Preview Assets.xcassets */,
			);
			path = "Preview Content";
			sourceTree = "<group>";
		};
		551314AA2443489200F86C2B /* covid-SwiftUITests */ = {
			isa = PBXGroup;
			children = (
				551314AB2443489200F86C2B /* covid_SwiftUITests.swift */,
				551314AD2443489200F86C2B /* Info.plist */,
			);
			path = "covid-SwiftUITests";
			sourceTree = "<group>";
		};
/* End PBXGroup section */

/* Begin PBXNativeTarget section */
		551314902443487F00F86C2B /* covid-SwiftUI */ = {
			isa = PBXNativeTarget;
			buildConfigurationList = 551314B02443489200F86C2B /* Build configuration list for PBXNativeTarget "covid-SwiftUI" */;
			buildPhases = (
				5513148D2443487F00F86C2B /* Sources */,
				5513148E2443487F00F86C2B /* Frameworks */,
				5513148F2443487F00F86C2B /* Resources */,
			);
			buildRules = (
			);
			dependencies = (
			);
			name = "covid-SwiftUI";
			productName = "covid-SwiftUI";
			productReference = 551314912443487F00F86C2B /* covid-SwiftUI.app */;
			productType = "com.apple.product-type.application";
		};
		551314A62443489200F86C2B /* covid-SwiftUITests */ = {
			isa = PBXNativeTarget;
			buildConfigurationList = 551314B32443489200F86C2B /* Build configuration list for PBXNativeTarget "covid-SwiftUITests" */;
			buildPhases = (
				551314A32443489200F86C2B /* Sources */,
				551314A42443489200F86C2B /* Frameworks */,
				551314A52443489200F86C2B /* Resources */,
			);
			buildRules = (
			);
			dependencies = (
				551314A92443489200F86C2B /* PBXTargetDependency */,
			);
			name = "covid-SwiftUITests";
			productName = "covid-SwiftUITests";
			productReference = 551314A72443489200F86C2B /* covid-SwiftUITests.xctest */;
			productType = "com.apple.product-type.bundle.unit-test";
		};
/* End PBXNativeTarget section */

/* Begin PBXProject section */
		551314892443487F00F86C2B /* Project object */ = {
			isa = PBXProject;
			attributes = {
				LastSwiftUpdateCheck = 1140;
				LastUpgradeCheck = 1140;
				ORGANIZATIONNAME = "alex-babich";
				TargetAttributes = {
					551314902443487F00F86C2B = {
						CreatedOnToolsVersion = 11.4;
					};
					551314A62443489200F86C2B = {
						CreatedOnToolsVersion = 11.4;
						TestTargetID = 551314902443487F00F86C2B;
					};
				};
			};
			buildConfigurationList = 5513148C2443487F00F86C2B /* Build configuration list for PBXProject "covid-SwiftUI" */;
			compatibilityVersion = "Xcode 9.3";
			developmentRegion = en;
			hasScannedForEncodings = 0;
			knownRegions = (
				en,
				Base,
			);
			mainGroup = 551314882443487F00F86C2B;
			productRefGroup = 551314922443487F00F86C2B /* Products */;
			projectDirPath = "";
			projectRoot = "";
			targets = (
				551314902443487F00F86C2B /* covid-SwiftUI */,
				551314A62443489200F86C2B /* covid-SwiftUITests */,
			);
		};
/* End PBXProject section */

/* Begin PBXResourcesBuildPhase section */
		5513148F2443487F00F86C2B /* Resources */ = {
			isa = PBXResourcesBuildPhase;
			buildActionMask = 2147483647;
			files = (
				551314A12443489200F86C2B /* LaunchScreen.storyboard in Resources */,
				5513149E2443489200F86C2B /* Preview Assets.xcassets in Resources */,
				5513149B2443489200F86C2B /* Assets.xcassets in Resources */,
			);
			runOnlyForDeploymentPostprocessing = 0;
		};
		551314A52443489200F86C2B /* Resources */ = {
			isa = PBXResourcesBuildPhase;
			buildActionMask = 2147483647;
			files = (
			);
			runOnlyForDeploymentPostprocessing = 0;
		};
/* End PBXResourcesBuildPhase section */

/* Begin PBXSourcesBuildPhase section */
		5513148D2443487F00F86C2B /* Sources */ = {
			isa = PBXSourcesBuildPhase;
			buildActionMask = 2147483647;
			files = (
				551314952443487F00F86C2B /* AppDelegate.swift in Sources */,
				551314972443487F00F86C2B /* SceneDelegate.swift in Sources */,
				551314992443487F00F86C2B /* ContentView.swift in Sources */,
			);
			runOnlyForDeploymentPostprocessing = 0;
		};
		551314A32443489200F86C2B /* Sources */ = {
			isa = PBXSourcesBuildPhase;
			buildActionMask = 2147483647;
			files = (
				551314AC2443489200F86C2B /* covid_SwiftUITests.swift in Sources */,
			);
			runOnlyForDeploymentPostprocessing = 0;
		};
/* End PBXSourcesBuildPhase section */

/* Begin PBXTargetDependency section */
		551314A92443489200F86C2B /* PBXTargetDependency */ = {
			isa = PBXTargetDependency;
			target = 551314902443487F00F86C2B /* covid-SwiftUI */;
			targetProxy = 551314A82443489200F86C2B /* PBXContainerItemProxy */;
		};
/* End PBXTargetDependency section */

/* Begin PBXVariantGroup section */
		5513149F2443489200F86C2B /* LaunchScreen.storyboard */ = {
			isa = PBXVariantGroup;
			children = (
				551314A02443489200F86C2B /* Base */,
			);
			name = LaunchScreen.storyboard;
			sourceTree = "<group>";
		};
/* End PBXVariantGroup section */

/* Begin XCBuildConfiguration section */
		551314AE2443489200F86C2B /* Debug */ = {
			isa = XCBuildConfiguration;
			buildSettings = {
				ALWAYS_SEARCH_USER_PATHS = NO;
				CLANG_ANALYZER_NONNULL = YES;
				CLANG_ANALYZER_NUMBER_OBJECT_CONVERSION = YES_AGGRESSIVE;
				CLANG_CXX_LANGUAGE_STANDARD = "gnu++14";
				CLANG_CXX_LIBRARY = "libc++";
				CLANG_ENABLE_MODULES = YES;
				CLANG_ENABLE_OBJC_ARC = YES;
				CLANG_ENABLE_OBJC_WEAK = YES;
				CLANG_WARN_BLOCK_CAPTURE_AUTORELEASING = YES;
				CLANG_WARN_BOOL_CONVERSION = YES;
				CLANG_WARN_COMMA = YES;
				CLANG_WARN_CONSTANT_CONVERSION = YES;
				CLANG_WARN_DEPRECATED_OBJC_IMPLEMENTATIONS = YES;
				CLANG_WARN_DIRECT_OBJC_ISA_USAGE = YES_ERROR;
				CLANG_WARN_DOCUMENTATION_COMMENTS = YES;
				CLANG_WARN_EMPTY_BODY = YES;
				CLANG_WARN_ENUM_CONVERSION = YES;
				CLANG_WARN_INFINITE_RECURSION = YES;
				CLANG_WARN_INT_CONVERSION = YES;
				CLANG_WARN_NON_LITERAL_NULL_CONVERSION = YES;
				CLANG_WARN_OBJC_IMPLICIT_RETAIN_SELF = YES;
				CLANG_WARN_OBJC_LITERAL_CONVERSION = YES;
				CLANG_WARN_OBJC_ROOT_CLASS = YES_ERROR;
				CLANG_WARN_RANGE_LOOP_ANALYSIS = YES;
				CLANG_WARN_STRICT_PROTOTYPES = YES;
				CLANG_WARN_SUSPICIOUS_MOVE = YES;
				CLANG_WARN_UNGUARDED_AVAILABILITY = YES_AGGRESSIVE;
				CLANG_WARN_UNREACHABLE_CODE = YES;
				CLANG_WARN__DUPLICATE_METHOD_MATCH = YES;
				COPY_PHASE_STRIP = NO;
				DEBUG_INFORMATION_FORMAT = dwarf;
				ENABLE_STRICT_OBJC_MSGSEND = YES;
				ENABLE_TESTABILITY = YES;
				GCC_C_LANGUAGE_STANDARD = gnu11;
				GCC_DYNAMIC_NO_PIC = NO;
				GCC_NO_COMMON_BLOCKS = YES;
				GCC_OPTIMIZATION_LEVEL = 0;
				GCC_PREPROCESSOR_DEFINITIONS = (
					"DEBUG=1",
					"$(inherited)",
				);
				GCC_WARN_64_TO_32_BIT_CONVERSION = YES;
				GCC_WARN_ABOUT_RETURN_TYPE = YES_ERROR;
				GCC_WARN_UNDECLARED_SELECTOR = YES;
				GCC_WARN_UNINITIALIZED_AUTOS = YES_AGGRESSIVE;
				GCC_WARN_UNUSED_FUNCTION = YES;
				GCC_WARN_UNUSED_VARIABLE = YES;
				IPHONEOS_DEPLOYMENT_TARGET = 13.4;
				MTL_ENABLE_DEBUG_INFO = INCLUDE_SOURCE;
				MTL_FAST_MATH = YES;
				ONLY_ACTIVE_ARCH = YES;
				SDKROOT = iphoneos;
				SWIFT_ACTIVE_COMPILATION_CONDITIONS = DEBUG;
				SWIFT_OPTIMIZATION_LEVEL = "-Onone";
			};
			name = Debug;
		};
		551314AF2443489200F86C2B /* Release */ = {
			isa = XCBuildConfiguration;
			buildSettings = {
				ALWAYS_SEARCH_USER_PATHS = NO;
				CLANG_ANALYZER_NONNULL = YES;
				CLANG_ANALYZER_NUMBER_OBJECT_CONVERSION = YES_AGGRESSIVE;
				CLANG_CXX_LANGUAGE_STANDARD = "gnu++14";
				CLANG_CXX_LIBRARY = "libc++";
				CLANG_ENABLE_MODULES = YES;
				CLANG_ENABLE_OBJC_ARC = YES;
				CLANG_ENABLE_OBJC_WEAK = YES;
				CLANG_WARN_BLOCK_CAPTURE_AUTORELEASING = YES;
				CLANG_WARN_BOOL_CONVERSION = YES;
				CLANG_WARN_COMMA = YES;
				CLANG_WARN_CONSTANT_CONVERSION = YES;
				CLANG_WARN_DEPRECATED_OBJC_IMPLEMENTATIONS = YES;
				CLANG_WARN_DIRECT_OBJC_ISA_USAGE = YES_ERROR;
				CLANG_WARN_DOCUMENTATION_COMMENTS = YES;
				CLANG_WARN_EMPTY_BODY = YES;
				CLANG_WARN_ENUM_CONVERSION = YES;
				CLANG_WARN_INFINITE_RECURSION = YES;
				CLANG_WARN_INT_CONVERSION = YES;
				CLANG_WARN_NON_LITERAL_NULL_CONVERSION = YES;
				CLANG_WARN_OBJC_IMPLICIT_RETAIN_SELF = YES;
				CLANG_WARN_OBJC_LITERAL_CONVERSION = YES;
				CLANG_WARN_OBJC_ROOT_CLASS = YES_ERROR;
				CLANG_WARN_RANGE_LOOP_ANALYSIS = YES;
				CLANG_WARN_STRICT_PROTOTYPES = YES;
				CLANG_WARN_SUSPICIOUS_MOVE = YES;
				CLANG_WARN_UNGUARDED_AVAILABILITY = YES_AGGRESSIVE;
				CLANG_WARN_UNREACHABLE_CODE = YES;
				CLANG_WARN__DUPLICATE_METHOD_MATCH = YES;
				COPY_PHASE_STRIP = NO;
				DEBUG_INFORMATION_FORMAT = "dwarf-with-dsym";
				ENABLE_NS_ASSERTIONS = NO;
				ENABLE_STRICT_OBJC_MSGSEND = YES;
				GCC_C_LANGUAGE_STANDARD = gnu11;
				GCC_NO_COMMON_BLOCKS = YES;
				GCC_WARN_64_TO_32_BIT_CONVERSION = YES;
				GCC_WARN_ABOUT_RETURN_TYPE = YES_ERROR;
				GCC_WARN_UNDECLARED_SELECTOR = YES;
				GCC_WARN_UNINITIALIZED_AUTOS = YES_AGGRESSIVE;
				GCC_WARN_UNUSED_FUNCTION = YES;
				GCC_WARN_UNUSED_VARIABLE = YES;
				IPHONEOS_DEPLOYMENT_TARGET = 13.4;
				MTL_ENABLE_DEBUG_INFO = NO;
				MTL_FAST_MATH = YES;
				SDKROOT = iphoneos;
				SWIFT_COMPILATION_MODE = wholemodule;
				SWIFT_OPTIMIZATION_LEVEL = "-O";
				VALIDATE_PRODUCT = YES;
			};
			name = Release;
		};
		551314B12443489200F86C2B /* Debug */ = {
			isa = XCBuildConfiguration;
			buildSettings = {
				ASSETCATALOG_COMPILER_APPICON_NAME = AppIcon;
				CODE_SIGN_STYLE = Automatic;
				DEVELOPMENT_ASSET_PATHS = "\"covid-SwiftUI/Preview Content\"";
				DEVELOPMENT_TEAM = TA2UAPFU92;
				ENABLE_PREVIEWS = YES;
				INFOPLIST_FILE = "covid-SwiftUI/Info.plist";
				LD_RUNPATH_SEARCH_PATHS = (
					"$(inherited)",
					"@executable_path/Frameworks",
				);
				PRODUCT_BUNDLE_IDENTIFIER = "testhome.covid-SwiftUI";
				PRODUCT_NAME = "$(TARGET_NAME)";
				SWIFT_VERSION = 5.0;
				TARGETED_DEVICE_FAMILY = "1,2";
			};
			name = Debug;
		};
		551314B22443489200F86C2B /* Release */ = {
			isa = XCBuildConfiguration;
			buildSettings = {
				ASSETCATALOG_COMPILER_APPICON_NAME = AppIcon;
				CODE_SIGN_STYLE = Automatic;
				DEVELOPMENT_ASSET_PATHS = "\"covid-SwiftUI/Preview Content\"";
				DEVELOPMENT_TEAM = TA2UAPFU92;
				ENABLE_PREVIEWS = YES;
				INFOPLIST_FILE = "covid-SwiftUI/Info.plist";
				LD_RUNPATH_SEARCH_PATHS = (
					"$(inherited)",
					"@executable_path/Frameworks",
				);
				PRODUCT_BUNDLE_IDENTIFIER = "testhome.covid-SwiftUI";
				PRODUCT_NAME = "$(TARGET_NAME)";
				SWIFT_VERSION = 5.0;
				TARGETED_DEVICE_FAMILY = "1,2";
			};
			name = Release;
		};
		551314B42443489200F86C2B /* Debug */ = {
			isa = XCBuildConfiguration;
			buildSettings = {
				ALWAYS_EMBED_SWIFT_STANDARD_LIBRARIES = YES;
				BUNDLE_LOADER = "$(TEST_HOST)";
				CODE_SIGN_STYLE = Automatic;
				DEVELOPMENT_TEAM = TA2UAPFU92;
				INFOPLIST_FILE = "covid-SwiftUITests/Info.plist";
				IPHONEOS_DEPLOYMENT_TARGET = 13.4;
				LD_RUNPATH_SEARCH_PATHS = (
					"$(inherited)",
					"@executable_path/Frameworks",
					"@loader_path/Frameworks",
				);
				PRODUCT_BUNDLE_IDENTIFIER = "testhome.covid-SwiftUITests";
				PRODUCT_NAME = "$(TARGET_NAME)";
				SWIFT_VERSION = 5.0;
				TARGETED_DEVICE_FAMILY = "1,2";
				TEST_HOST = "$(BUILT_PRODUCTS_DIR)/covid-SwiftUI.app/covid-SwiftUI";
			};
			name = Debug;
		};
		551314B52443489200F86C2B /* Release */ = {
			isa = XCBuildConfiguration;
			buildSettings = {
				ALWAYS_EMBED_SWIFT_STANDARD_LIBRARIES = YES;
				BUNDLE_LOADER = "$(TEST_HOST)";
				CODE_SIGN_STYLE = Automatic;
				DEVELOPMENT_TEAM = TA2UAPFU92;
				INFOPLIST_FILE = "covid-SwiftUITests/Info.plist";
				IPHONEOS_DEPLOYMENT_TARGET = 13.4;
				LD_RUNPATH_SEARCH_PATHS = (
					"$(inherited)",
					"@executable_path/Frameworks",
					"@loader_path/Frameworks",
				);
				PRODUCT_BUNDLE_IDENTIFIER = "testhome.covid-SwiftUITests";
				PRODUCT_NAME = "$(TARGET_NAME)";
				SWIFT_VERSION = 5.0;
				TARGETED_DEVICE_FAMILY = "1,2";
				TEST_HOST = "$(BUILT_PRODUCTS_DIR)/covid-SwiftUI.app/covid-SwiftUI";
			};
			name = Release;
		};
/* End XCBuildConfiguration section */

/* Begin XCConfigurationList section */
		5513148C2443487F00F86C2B /* Build configuration list for PBXProject "covid-SwiftUI" */ = {
			isa = XCConfigurationList;
			buildConfigurations = (
				551314AE2443489200F86C2B /* Debug */,
				551314AF2443489200F86C2B /* Release */,
			);
			defaultConfigurationIsVisible = 0;
			defaultConfigurationName = Release;
		};
		551314B02443489200F86C2B /* Build configuration list for PBXNativeTarget "covid-SwiftUI" */ = {
			isa = XCConfigurationList;
			buildConfigurations = (
				551314B12443489200F86C2B /* Debug */,
				551314B22443489200F86C2B /* Release */,
			);
			defaultConfigurationIsVisible = 0;
			defaultConfigurationName = Release;
		};
		551314B32443489200F86C2B /* Build configuration list for PBXNativeTarget "covid-SwiftUITests" */ = {
			isa = XCConfigurationList;
			buildConfigurations = (
				551314B42443489200F86C2B /* Debug */,
				551314B52443489200F86C2B /* Release */,
			);
			defaultConfigurationIsVisible = 0;
			defaultConfigurationName = Release;
		};
/* End XCConfigurationList section */
	};
	rootObject = 551314892443487F00F86C2B /* Project object */;
}
